// !$*UTF8*$!
{
	archiveVersion = 1;
	classes = {
	};
	objectVersion = 46;
	objects = {

/* Begin PBXBuildFile section */
		274C1B481E56085800F73A9F /* HealthKitManager.swift in Sources */ = {isa = PBXBuildFile; fileRef = 274C1B471E56085800F73A9F /* HealthKitManager.swift */; };
		2782B8D51E548C2B00F2C527 /* EventsViewModel.swift in Sources */ = {isa = PBXBuildFile; fileRef = 2782B8D41E548C2B00F2C527 /* EventsViewModel.swift */; };
		2782B8D81E54A67400F2C527 /* SleepCell.swift in Sources */ = {isa = PBXBuildFile; fileRef = 2782B8D71E54A67400F2C527 /* SleepCell.swift */; };
		2782B8DA1E54A69D00F2C527 /* StepCountCell.swift in Sources */ = {isa = PBXBuildFile; fileRef = 2782B8D91E54A69D00F2C527 /* StepCountCell.swift */; };
		279FD38B1E54BF1F00796759 /* HealthKit.framework in Frameworks */ = {isa = PBXBuildFile; fileRef = 279FD38A1E54BF1F00796759 /* HealthKit.framework */; };
		27A5DE581E4E12BE00B90D97 /* AppDelegate.swift in Sources */ = {isa = PBXBuildFile; fileRef = 27A5DE571E4E12BE00B90D97 /* AppDelegate.swift */; };
		27A5DE5A1E4E12BE00B90D97 /* EventsViewController.swift in Sources */ = {isa = PBXBuildFile; fileRef = 27A5DE591E4E12BE00B90D97 /* EventsViewController.swift */; };
		27A5DE5C1E4E12BE00B90D97 /* SecondViewController.swift in Sources */ = {isa = PBXBuildFile; fileRef = 27A5DE5B1E4E12BE00B90D97 /* SecondViewController.swift */; };
		27A5DE5F1E4E12BE00B90D97 /* Main.storyboard in Resources */ = {isa = PBXBuildFile; fileRef = 27A5DE5D1E4E12BE00B90D97 /* Main.storyboard */; };
		27A5DE611E4E12BE00B90D97 /* Assets.xcassets in Resources */ = {isa = PBXBuildFile; fileRef = 27A5DE601E4E12BE00B90D97 /* Assets.xcassets */; };
		27A5DE641E4E12BE00B90D97 /* LaunchScreen.storyboard in Resources */ = {isa = PBXBuildFile; fileRef = 27A5DE621E4E12BE00B90D97 /* LaunchScreen.storyboard */; };
		27A5DE6F1E4E12BE00B90D97 /* HealthyKittenTests.swift in Sources */ = {isa = PBXBuildFile; fileRef = 27A5DE6E1E4E12BE00B90D97 /* HealthyKittenTests.swift */; };
		27A5DE7A1E4E13E000B90D97 /* DataStore.swift in Sources */ = {isa = PBXBuildFile; fileRef = 27A5DE791E4E13E000B90D97 /* DataStore.swift */; };
		27A5DE7C1E4E148000B90D97 /* PropertyListSerializable.swift in Sources */ = {isa = PBXBuildFile; fileRef = 27A5DE7B1E4E148000B90D97 /* PropertyListSerializable.swift */; };
		27EF085A1E5B383E00CB893B /* DailyStepCountQuery.swift in Sources */ = {isa = PBXBuildFile; fileRef = 27EF08591E5B383E00CB893B /* DailyStepCountQuery.swift */; };
/* End PBXBuildFile section */

/* Begin PBXContainerItemProxy section */
		27A5DE6B1E4E12BE00B90D97 /* PBXContainerItemProxy */ = {
			isa = PBXContainerItemProxy;
			containerPortal = 27A5DE4C1E4E12BE00B90D97 /* Project object */;
			proxyType = 1;
			remoteGlobalIDString = 27A5DE531E4E12BE00B90D97;
			remoteInfo = HealthyKitten;
		};
/* End PBXContainerItemProxy section */

/* Begin PBXFileReference section */
		274C1B471E56085800F73A9F /* HealthKitManager.swift */ = {isa = PBXFileReference; fileEncoding = 4; lastKnownFileType = sourcecode.swift; path = HealthKitManager.swift; sourceTree = "<group>"; };
		2782B8D41E548C2B00F2C527 /* EventsViewModel.swift */ = {isa = PBXFileReference; fileEncoding = 4; lastKnownFileType = sourcecode.swift; path = EventsViewModel.swift; sourceTree = "<group>"; };
		2782B8D71E54A67400F2C527 /* SleepCell.swift */ = {isa = PBXFileReference; fileEncoding = 4; lastKnownFileType = sourcecode.swift; path = SleepCell.swift; sourceTree = "<group>"; };
		2782B8D91E54A69D00F2C527 /* StepCountCell.swift */ = {isa = PBXFileReference; fileEncoding = 4; lastKnownFileType = sourcecode.swift; path = StepCountCell.swift; sourceTree = "<group>"; };
		279FD3881E54BF1F00796759 /* HealthyKitten.entitlements */ = {isa = PBXFileReference; lastKnownFileType = text.plist.entitlements; path = HealthyKitten.entitlements; sourceTree = "<group>"; };
		279FD38A1E54BF1F00796759 /* HealthKit.framework */ = {isa = PBXFileReference; lastKnownFileType = wrapper.framework; name = HealthKit.framework; path = System/Library/Frameworks/HealthKit.framework; sourceTree = SDKROOT; };
		27A5DE541E4E12BE00B90D97 /* HealthyKitten.app */ = {isa = PBXFileReference; explicitFileType = wrapper.application; includeInIndex = 0; path = HealthyKitten.app; sourceTree = BUILT_PRODUCTS_DIR; };
		27A5DE571E4E12BE00B90D97 /* AppDelegate.swift */ = {isa = PBXFileReference; lastKnownFileType = sourcecode.swift; path = AppDelegate.swift; sourceTree = "<group>"; };
		27A5DE591E4E12BE00B90D97 /* EventsViewController.swift */ = {isa = PBXFileReference; lastKnownFileType = sourcecode.swift; path = EventsViewController.swift; sourceTree = "<group>"; };
		27A5DE5B1E4E12BE00B90D97 /* SecondViewController.swift */ = {isa = PBXFileReference; lastKnownFileType = sourcecode.swift; path = SecondViewController.swift; sourceTree = "<group>"; };
		27A5DE5E1E4E12BE00B90D97 /* Base */ = {isa = PBXFileReference; lastKnownFileType = file.storyboard; name = Base; path = Base.lproj/Main.storyboard; sourceTree = "<group>"; };
		27A5DE601E4E12BE00B90D97 /* Assets.xcassets */ = {isa = PBXFileReference; lastKnownFileType = folder.assetcatalog; path = Assets.xcassets; sourceTree = "<group>"; };
		27A5DE631E4E12BE00B90D97 /* Base */ = {isa = PBXFileReference; lastKnownFileType = file.storyboard; name = Base; path = Base.lproj/LaunchScreen.storyboard; sourceTree = "<group>"; };
		27A5DE651E4E12BE00B90D97 /* Info.plist */ = {isa = PBXFileReference; lastKnownFileType = text.plist.xml; path = Info.plist; sourceTree = "<group>"; };
		27A5DE6A1E4E12BE00B90D97 /* HealthyKittenTests.xctest */ = {isa = PBXFileReference; explicitFileType = wrapper.cfbundle; includeInIndex = 0; path = HealthyKittenTests.xctest; sourceTree = BUILT_PRODUCTS_DIR; };
		27A5DE6E1E4E12BE00B90D97 /* HealthyKittenTests.swift */ = {isa = PBXFileReference; lastKnownFileType = sourcecode.swift; path = HealthyKittenTests.swift; sourceTree = "<group>"; };
		27A5DE701E4E12BE00B90D97 /* Info.plist */ = {isa = PBXFileReference; lastKnownFileType = text.plist.xml; path = Info.plist; sourceTree = "<group>"; };
		27A5DE791E4E13E000B90D97 /* DataStore.swift */ = {isa = PBXFileReference; fileEncoding = 4; lastKnownFileType = sourcecode.swift; path = DataStore.swift; sourceTree = "<group>"; };
		27A5DE7B1E4E148000B90D97 /* PropertyListSerializable.swift */ = {isa = PBXFileReference; fileEncoding = 4; lastKnownFileType = sourcecode.swift; path = PropertyListSerializable.swift; sourceTree = "<group>"; };
		27EF08591E5B383E00CB893B /* DailyStepCountQuery.swift */ = {isa = PBXFileReference; fileEncoding = 4; lastKnownFileType = sourcecode.swift; path = DailyStepCountQuery.swift; sourceTree = "<group>"; };
/* End PBXFileReference section */

/* Begin PBXFrameworksBuildPhase section */
		27A5DE511E4E12BE00B90D97 /* Frameworks */ = {
			isa = PBXFrameworksBuildPhase;
			buildActionMask = 2147483647;
			files = (
				279FD38B1E54BF1F00796759 /* HealthKit.framework in Frameworks */,
			);
			runOnlyForDeploymentPostprocessing = 0;
		};
		27A5DE671E4E12BE00B90D97 /* Frameworks */ = {
			isa = PBXFrameworksBuildPhase;
			buildActionMask = 2147483647;
			files = (
			);
			runOnlyForDeploymentPostprocessing = 0;
		};
/* End PBXFrameworksBuildPhase section */

/* Begin PBXGroup section */
		279FD3891E54BF1F00796759 /* Frameworks */ = {
			isa = PBXGroup;
			children = (
				279FD38A1E54BF1F00796759 /* HealthKit.framework */,
			);
			name = Frameworks;
			sourceTree = "<group>";
		};
		27A5DE4B1E4E12BE00B90D97 = {
			isa = PBXGroup;
			children = (
				27A5DE561E4E12BE00B90D97 /* HealthyKitten */,
				27A5DE6D1E4E12BE00B90D97 /* HealthyKittenTests */,
				27A5DE551E4E12BE00B90D97 /* Products */,
				279FD3891E54BF1F00796759 /* Frameworks */,
			);
			sourceTree = "<group>";
		};
		27A5DE551E4E12BE00B90D97 /* Products */ = {
			isa = PBXGroup;
			children = (
				27A5DE541E4E12BE00B90D97 /* HealthyKitten.app */,
				27A5DE6A1E4E12BE00B90D97 /* HealthyKittenTests.xctest */,
			);
			name = Products;
			sourceTree = "<group>";
		};
		27A5DE561E4E12BE00B90D97 /* HealthyKitten */ = {
			isa = PBXGroup;
			children = (
				279FD3881E54BF1F00796759 /* HealthyKitten.entitlements */,
				27A5DE571E4E12BE00B90D97 /* AppDelegate.swift */,
				27EF08591E5B383E00CB893B /* DailyStepCountQuery.swift */,
				27A5DE591E4E12BE00B90D97 /* EventsViewController.swift */,
				2782B8D41E548C2B00F2C527 /* EventsViewModel.swift */,
				27A5DE5B1E4E12BE00B90D97 /* SecondViewController.swift */,
				27A5DE5D1E4E12BE00B90D97 /* Main.storyboard */,
				27A5DE601E4E12BE00B90D97 /* Assets.xcassets */,
				27A5DE621E4E12BE00B90D97 /* LaunchScreen.storyboard */,
				27A5DE651E4E12BE00B90D97 /* Info.plist */,
				27A5DE791E4E13E000B90D97 /* DataStore.swift */,
				27A5DE7B1E4E148000B90D97 /* PropertyListSerializable.swift */,
				2782B8D71E54A67400F2C527 /* SleepCell.swift */,
				2782B8D91E54A69D00F2C527 /* StepCountCell.swift */,
				274C1B471E56085800F73A9F /* HealthKitManager.swift */,
			);
			path = HealthyKitten;
			sourceTree = "<group>";
		};
		27A5DE6D1E4E12BE00B90D97 /* HealthyKittenTests */ = {
			isa = PBXGroup;
			children = (
				27A5DE6E1E4E12BE00B90D97 /* HealthyKittenTests.swift */,
				27A5DE701E4E12BE00B90D97 /* Info.plist */,
			);
			path = HealthyKittenTests;
			sourceTree = "<group>";
		};
/* End PBXGroup section */

/* Begin PBXNativeTarget section */
		27A5DE531E4E12BE00B90D97 /* HealthyKitten */ = {
			isa = PBXNativeTarget;
			buildConfigurationList = 27A5DE731E4E12BE00B90D97 /* Build configuration list for PBXNativeTarget "HealthyKitten" */;
			buildPhases = (
				27A5DE501E4E12BE00B90D97 /* Sources */,
				27A5DE511E4E12BE00B90D97 /* Frameworks */,
				27A5DE521E4E12BE00B90D97 /* Resources */,
			);
			buildRules = (
			);
			dependencies = (
			);
			name = HealthyKitten;
			productName = HealthyKitten;
			productReference = 27A5DE541E4E12BE00B90D97 /* HealthyKitten.app */;
			productType = "com.apple.product-type.application";
		};
		27A5DE691E4E12BE00B90D97 /* HealthyKittenTests */ = {
			isa = PBXNativeTarget;
			buildConfigurationList = 27A5DE761E4E12BE00B90D97 /* Build configuration list for PBXNativeTarget "HealthyKittenTests" */;
			buildPhases = (
				27A5DE661E4E12BE00B90D97 /* Sources */,
				27A5DE671E4E12BE00B90D97 /* Frameworks */,
				27A5DE681E4E12BE00B90D97 /* Resources */,
			);
			buildRules = (
			);
			dependencies = (
				27A5DE6C1E4E12BE00B90D97 /* PBXTargetDependency */,
			);
			name = HealthyKittenTests;
			productName = HealthyKittenTests;
			productReference = 27A5DE6A1E4E12BE00B90D97 /* HealthyKittenTests.xctest */;
			productType = "com.apple.product-type.bundle.unit-test";
		};
/* End PBXNativeTarget section */

/* Begin PBXProject section */
		27A5DE4C1E4E12BE00B90D97 /* Project object */ = {
			isa = PBXProject;
			attributes = {
				LastSwiftUpdateCheck = 0820;
				LastUpgradeCheck = 0820;
				ORGANIZATIONNAME = "Tatsuya Kaneko";
				TargetAttributes = {
					27A5DE531E4E12BE00B90D97 = {
						CreatedOnToolsVersion = 8.2.1;
						DevelopmentTeam = MT2K5TW3U7;
						ProvisioningStyle = Automatic;
						SystemCapabilities = {
							com.apple.BackgroundModes = {
								enabled = 1;
							};
							com.apple.HealthKit = {
								enabled = 1;
							};
							com.apple.Push = {
								enabled = 0;
							};
						};
					};
					27A5DE691E4E12BE00B90D97 = {
						CreatedOnToolsVersion = 8.2.1;
						DevelopmentTeam = MT2K5TW3U7;
						ProvisioningStyle = Automatic;
						TestTargetID = 27A5DE531E4E12BE00B90D97;
					};
				};
			};
			buildConfigurationList = 27A5DE4F1E4E12BE00B90D97 /* Build configuration list for PBXProject "HealthyKitten" */;
			compatibilityVersion = "Xcode 3.2";
			developmentRegion = English;
			hasScannedForEncodings = 0;
			knownRegions = (
				en,
				Base,
			);
			mainGroup = 27A5DE4B1E4E12BE00B90D97;
			productRefGroup = 27A5DE551E4E12BE00B90D97 /* Products */;
			projectDirPath = "";
			projectRoot = "";
			targets = (
				27A5DE531E4E12BE00B90D97 /* HealthyKitten */,
				27A5DE691E4E12BE00B90D97 /* HealthyKittenTests */,
			);
		};
/* End PBXProject section */

/* Begin PBXResourcesBuildPhase section */
		27A5DE521E4E12BE00B90D97 /* Resources */ = {
			isa = PBXResourcesBuildPhase;
			buildActionMask = 2147483647;
			files = (
				27A5DE641E4E12BE00B90D97 /* LaunchScreen.storyboard in Resources */,
				27A5DE611E4E12BE00B90D97 /* Assets.xcassets in Resources */,
				27A5DE5F1E4E12BE00B90D97 /* Main.storyboard in Resources */,
			);
			runOnlyForDeploymentPostprocessing = 0;
		};
		27A5DE681E4E12BE00B90D97 /* Resources */ = {
			isa = PBXResourcesBuildPhase;
			buildActionMask = 2147483647;
			files = (
			);
			runOnlyForDeploymentPostprocessing = 0;
		};
/* End PBXResourcesBuildPhase section */

/* Begin PBXSourcesBuildPhase section */
		27A5DE501E4E12BE00B90D97 /* Sources */ = {
			isa = PBXSourcesBuildPhase;
			buildActionMask = 2147483647;
			files = (
				27A5DE5C1E4E12BE00B90D97 /* SecondViewController.swift in Sources */,
				27A5DE7A1E4E13E000B90D97 /* DataStore.swift in Sources */,
				27A5DE581E4E12BE00B90D97 /* AppDelegate.swift in Sources */,
				2782B8DA1E54A69D00F2C527 /* StepCountCell.swift in Sources */,
				27EF085A1E5B383E00CB893B /* DailyStepCountQuery.swift in Sources */,
				2782B8D51E548C2B00F2C527 /* EventsViewModel.swift in Sources */,
				27A5DE5A1E4E12BE00B90D97 /* EventsViewController.swift in Sources */,
				27A5DE7C1E4E148000B90D97 /* PropertyListSerializable.swift in Sources */,
				2782B8D81E54A67400F2C527 /* SleepCell.swift in Sources */,
				274C1B481E56085800F73A9F /* HealthKitManager.swift in Sources */,
			);
			runOnlyForDeploymentPostprocessing = 0;
		};
		27A5DE661E4E12BE00B90D97 /* Sources */ = {
			isa = PBXSourcesBuildPhase;
			buildActionMask = 2147483647;
			files = (
				27A5DE6F1E4E12BE00B90D97 /* HealthyKittenTests.swift in Sources */,
			);
			runOnlyForDeploymentPostprocessing = 0;
		};
/* End PBXSourcesBuildPhase section */

/* Begin PBXTargetDependency section */
		27A5DE6C1E4E12BE00B90D97 /* PBXTargetDependency */ = {
			isa = PBXTargetDependency;
			target = 27A5DE531E4E12BE00B90D97 /* HealthyKitten */;
			targetProxy = 27A5DE6B1E4E12BE00B90D97 /* PBXContainerItemProxy */;
		};
/* End PBXTargetDependency section */

/* Begin PBXVariantGroup section */
		27A5DE5D1E4E12BE00B90D97 /* Main.storyboard */ = {
			isa = PBXVariantGroup;
			children = (
				27A5DE5E1E4E12BE00B90D97 /* Base */,
			);
			name = Main.storyboard;
			sourceTree = "<group>";
		};
		27A5DE621E4E12BE00B90D97 /* LaunchScreen.storyboard */ = {
			isa = PBXVariantGroup;
			children = (
				27A5DE631E4E12BE00B90D97 /* Base */,
			);
			name = LaunchScreen.storyboard;
			sourceTree = "<group>";
		};
/* End PBXVariantGroup section */

/* Begin XCBuildConfiguration section */
		27A5DE711E4E12BE00B90D97 /* Debug */ = {
			isa = XCBuildConfiguration;
			buildSettings = {
				ALWAYS_SEARCH_USER_PATHS = NO;
				CLANG_ANALYZER_NONNULL = YES;
				CLANG_CXX_LANGUAGE_STANDARD = "gnu++0x";
				CLANG_CXX_LIBRARY = "libc++";
				CLANG_ENABLE_MODULES = YES;
				CLANG_ENABLE_OBJC_ARC = YES;
				CLANG_WARN_BOOL_CONVERSION = YES;
				CLANG_WARN_CONSTANT_CONVERSION = YES;
				CLANG_WARN_DIRECT_OBJC_ISA_USAGE = YES_ERROR;
				CLANG_WARN_DOCUMENTATION_COMMENTS = YES;
				CLANG_WARN_EMPTY_BODY = YES;
				CLANG_WARN_ENUM_CONVERSION = YES;
				CLANG_WARN_INFINITE_RECURSION = YES;
				CLANG_WARN_INT_CONVERSION = YES;
				CLANG_WARN_OBJC_ROOT_CLASS = YES_ERROR;
				CLANG_WARN_SUSPICIOUS_MOVE = YES;
				CLANG_WARN_UNREACHABLE_CODE = YES;
				CLANG_WARN__DUPLICATE_METHOD_MATCH = YES;
				"CODE_SIGN_IDENTITY[sdk=iphoneos*]" = "iPhone Developer";
				COPY_PHASE_STRIP = NO;
				DEBUG_INFORMATION_FORMAT = dwarf;
				ENABLE_STRICT_OBJC_MSGSEND = YES;
				ENABLE_TESTABILITY = YES;
				GCC_C_LANGUAGE_STANDARD = gnu99;
				GCC_DYNAMIC_NO_PIC = NO;
				GCC_NO_COMMON_BLOCKS = YES;
				GCC_OPTIMIZATION_LEVEL = 0;
				GCC_PREPROCESSOR_DEFINITIONS = (
					"DEBUG=1",
					"$(inherited)",
				);
				GCC_WARN_64_TO_32_BIT_CONVERSION = YES;
				GCC_WARN_ABOUT_RETURN_TYPE = YES_ERROR;
				GCC_WARN_UNDECLARED_SELECTOR = YES;
				GCC_WARN_UNINITIALIZED_AUTOS = YES_AGGRESSIVE;
				GCC_WARN_UNUSED_FUNCTION = YES;
				GCC_WARN_UNUSED_VARIABLE = YES;
				IPHONEOS_DEPLOYMENT_TARGET = 10.2;
				MTL_ENABLE_DEBUG_INFO = YES;
				ONLY_ACTIVE_ARCH = YES;
				SDKROOT = iphoneos;
				SWIFT_ACTIVE_COMPILATION_CONDITIONS = DEBUG;
				SWIFT_OPTIMIZATION_LEVEL = "-Onone";
				TARGETED_DEVICE_FAMILY = "1,2";
			};
			name = Debug;
		};
		27A5DE721E4E12BE00B90D97 /* Release */ = {
			isa = XCBuildConfiguration;
			buildSettings = {
				ALWAYS_SEARCH_USER_PATHS = NO;
				CLANG_ANALYZER_NONNULL = YES;
				CLANG_CXX_LANGUAGE_STANDARD = "gnu++0x";
				CLANG_CXX_LIBRARY = "libc++";
				CLANG_ENABLE_MODULES = YES;
				CLANG_ENABLE_OBJC_ARC = YES;
				CLANG_WARN_BOOL_CONVERSION = YES;
				CLANG_WARN_CONSTANT_CONVERSION = YES;
				CLANG_WARN_DIRECT_OBJC_ISA_USAGE = YES_ERROR;
				CLANG_WARN_DOCUMENTATION_COMMENTS = YES;
				CLANG_WARN_EMPTY_BODY = YES;
				CLANG_WARN_ENUM_CONVERSION = YES;
				CLANG_WARN_INFINITE_RECURSION = YES;
				CLANG_WARN_INT_CONVERSION = YES;
				CLANG_WARN_OBJC_ROOT_CLASS = YES_ERROR;
				CLANG_WARN_SUSPICIOUS_MOVE = YES;
				CLANG_WARN_UNREACHABLE_CODE = YES;
				CLANG_WARN__DUPLICATE_METHOD_MATCH = YES;
				"CODE_SIGN_IDENTITY[sdk=iphoneos*]" = "iPhone Developer";
				COPY_PHASE_STRIP = NO;
				DEBUG_INFORMATION_FORMAT = "dwarf-with-dsym";
				ENABLE_NS_ASSERTIONS = NO;
				ENABLE_STRICT_OBJC_MSGSEND = YES;
				GCC_C_LANGUAGE_STANDARD = gnu99;
				GCC_NO_COMMON_BLOCKS = YES;
				GCC_WARN_64_TO_32_BIT_CONVERSION = YES;
				GCC_WARN_ABOUT_RETURN_TYPE = YES_ERROR;
				GCC_WARN_UNDECLARED_SELECTOR = YES;
				GCC_WARN_UNINITIALIZED_AUTOS = YES_AGGRESSIVE;
				GCC_WARN_UNUSED_FUNCTION = YES;
				GCC_WARN_UNUSED_VARIABLE = YES;
				IPHONEOS_DEPLOYMENT_TARGET = 10.2;
				MTL_ENABLE_DEBUG_INFO = NO;
				SDKROOT = iphoneos;
				SWIFT_OPTIMIZATION_LEVEL = "-Owholemodule";
				TARGETED_DEVICE_FAMILY = "1,2";
				VALIDATE_PRODUCT = YES;
			};
			name = Release;
		};
		27A5DE741E4E12BE00B90D97 /* Debug */ = {
			isa = XCBuildConfiguration;
			buildSettings = {
				ASSETCATALOG_COMPILER_APPICON_NAME = AppIcon;
				CODE_SIGN_ENTITLEMENTS = HealthyKitten/HealthyKitten.entitlements;
				DEVELOPMENT_TEAM = MT2K5TW3U7;
				INFOPLIST_FILE = HealthyKitten/Info.plist;
				LD_RUNPATH_SEARCH_PATHS = "$(inherited) @executable_path/Frameworks";
				PRODUCT_BUNDLE_IDENTIFIER = nl.sense.HealthyKitten;
				PRODUCT_NAME = "$(TARGET_NAME)";
				SWIFT_VERSION = 3.0;
			};
			name = Debug;
		};
		27A5DE751E4E12BE00B90D97 /* Release */ = {
			isa = XCBuildConfiguration;
			buildSettings = {
				ASSETCATALOG_COMPILER_APPICON_NAME = AppIcon;
				CODE_SIGN_ENTITLEMENTS = HealthyKitten/HealthyKitten.entitlements;
				DEVELOPMENT_TEAM = MT2K5TW3U7;
				INFOPLIST_FILE = HealthyKitten/Info.plist;
				LD_RUNPATH_SEARCH_PATHS = "$(inherited) @executable_path/Frameworks";
				PRODUCT_BUNDLE_IDENTIFIER = nl.sense.HealthyKitten;
				PRODUCT_NAME = "$(TARGET_NAME)";
				SWIFT_VERSION = 3.0;
			};
			name = Release;
		};
		27A5DE771E4E12BE00B90D97 /* Debug */ = {
			isa = XCBuildConfiguration;
			buildSettings = {
				ALWAYS_EMBED_SWIFT_STANDARD_LIBRARIES = YES;
				BUNDLE_LOADER = "$(TEST_HOST)";
				DEVELOPMENT_TEAM = MT2K5TW3U7;
				INFOPLIST_FILE = HealthyKittenTests/Info.plist;
				LD_RUNPATH_SEARCH_PATHS = "$(inherited) @executable_path/Frameworks @loader_path/Frameworks";
				PRODUCT_BUNDLE_IDENTIFIER = nl.sense.HealthyKittenTests;
				PRODUCT_NAME = "$(TARGET_NAME)";
				SWIFT_VERSION = 3.0;
				TEST_HOST = "$(BUILT_PRODUCTS_DIR)/HealthyKitten.app/HealthyKitten";
			};
			name = Debug;
		};
		27A5DE781E4E12BE00B90D97 /* Release */ = {
			isa = XCBuildConfiguration;
			buildSettings = {
				ALWAYS_EMBED_SWIFT_STANDARD_LIBRARIES = YES;
				BUNDLE_LOADER = "$(TEST_HOST)";
				DEVELOPMENT_TEAM = MT2K5TW3U7;
				INFOPLIST_FILE = HealthyKittenTests/Info.plist;
				LD_RUNPATH_SEARCH_PATHS = "$(inherited) @executable_path/Frameworks @loader_path/Frameworks";
				PRODUCT_BUNDLE_IDENTIFIER = nl.sense.HealthyKittenTests;
				PRODUCT_NAME = "$(TARGET_NAME)";
				SWIFT_VERSION = 3.0;
				TEST_HOST = "$(BUILT_PRODUCTS_DIR)/HealthyKitten.app/HealthyKitten";
			};
			name = Release;
		};
/* End XCBuildConfiguration section */

/* Begin XCConfigurationList section */
		27A5DE4F1E4E12BE00B90D97 /* Build configuration list for PBXProject "HealthyKitten" */ = {
			isa = XCConfigurationList;
			buildConfigurations = (
				27A5DE711E4E12BE00B90D97 /* Debug */,
				27A5DE721E4E12BE00B90D97 /* Release */,
			);
			defaultConfigurationIsVisible = 0;
			defaultConfigurationName = Release;
		};
		27A5DE731E4E12BE00B90D97 /* Build configuration list for PBXNativeTarget "HealthyKitten" */ = {
			isa = XCConfigurationList;
			buildConfigurations = (
				27A5DE741E4E12BE00B90D97 /* Debug */,
				27A5DE751E4E12BE00B90D97 /* Release */,
			);
			defaultConfigurationIsVisible = 0;
			defaultConfigurationName = Release;
		};
		27A5DE761E4E12BE00B90D97 /* Build configuration list for PBXNativeTarget "HealthyKittenTests" */ = {
			isa = XCConfigurationList;
			buildConfigurations = (
				27A5DE771E4E12BE00B90D97 /* Debug */,
				27A5DE781E4E12BE00B90D97 /* Release */,
			);
			defaultConfigurationIsVisible = 0;
			defaultConfigurationName = Release;
		};
/* End XCConfigurationList section */
	};
	rootObject = 27A5DE4C1E4E12BE00B90D97 /* Project object */;
}
